// !$*UTF8*$!
{
	archiveVersion = 1;
	classes = {
	};
	objectVersion = 50;
	objects = {

/* Begin PBXBuildFile section */
		EB00A58325AE02950048713E /* Control.swift in Sources */ = {isa = PBXBuildFile; fileRef = EB00A58225AE02950048713E /* Control.swift */; };
		EB00A58625AE05DF0048713E /* Update.swift in Sources */ = {isa = PBXBuildFile; fileRef = EB00A58525AE05DF0048713E /* Update.swift */; };
		EB27EF1026CD38F40073CF84 /* GameData.plist in Resources */ = {isa = PBXBuildFile; fileRef = EB27EF0F26CD38F40073CF84 /* GameData.plist */; };
		EB27EF1426CD3A540073CF84 /* Data.swift in Sources */ = {isa = PBXBuildFile; fileRef = EB27EF1326CD3A540073CF84 /* Data.swift */; };
		EB2D5E2525AF6251008B6A6A /* Share.swift in Sources */ = {isa = PBXBuildFile; fileRef = EB2D5E2425AF6251008B6A6A /* Share.swift */; };
		EB2D5E2C25AF63DF008B6A6A /* Move.swift in Sources */ = {isa = PBXBuildFile; fileRef = EB2D5E2B25AF63DF008B6A6A /* Move.swift */; };
		EB4B6E28270B3B5E0004FEDF /* Physics.swift in Sources */ = {isa = PBXBuildFile; fileRef = EB4B6E27270B3B5E0004FEDF /* Physics.swift */; };
		EB4B6E2E270B42710004FEDF /* Damage.swift in Sources */ = {isa = PBXBuildFile; fileRef = EB4B6E2D270B42710004FEDF /* Damage.swift */; };
		EB64990B26F97908003DC953 /* Attack_Standoff.atlas in Resources */ = {isa = PBXBuildFile; fileRef = EB64990A26F97908003DC953 /* Attack_Standoff.atlas */; };
		EB64990E26F979F6003DC953 /* Standoff.swift in Sources */ = {isa = PBXBuildFile; fileRef = EB64990D26F979F6003DC953 /* Standoff.swift */; };
		EB7F61AB26E42D2300BC39DF /* AI.swift in Sources */ = {isa = PBXBuildFile; fileRef = EB7F61AA26E42D2300BC39DF /* AI.swift */; };
		EB7F61AE26E42F2700BC39DF /* CharacterUpdate.swift in Sources */ = {isa = PBXBuildFile; fileRef = EB7F61AD26E42F2700BC39DF /* CharacterUpdate.swift */; };
		EB80470026B81A170047132A /* Attack_Melee.atlas in Resources */ = {isa = PBXBuildFile; fileRef = EB8046FF26B81A170047132A /* Attack_Melee.atlas */; };
		EB80470426B81BF00047132A /* Melee.swift in Sources */ = {isa = PBXBuildFile; fileRef = EB80470326B81BF00047132A /* Melee.swift */; };
		EB80470C26B829A10047132A /* Item.swift in Sources */ = {isa = PBXBuildFile; fileRef = EB80470B26B829A10047132A /* Item.swift */; };
		EB82FE4726C009EE00619118 /* Delay.swift in Sources */ = {isa = PBXBuildFile; fileRef = EB82FE4626C009EE00619118 /* Delay.swift */; };
		EB95E01D26D7A38000250067 /* ArcherMoveS.atlas in Resources */ = {isa = PBXBuildFile; fileRef = EB95E01926D7A38000250067 /* ArcherMoveS.atlas */; };
		EB95E01E26D7A38000250067 /* ArcherMoveE.atlas in Resources */ = {isa = PBXBuildFile; fileRef = EB95E01A26D7A38000250067 /* ArcherMoveE.atlas */; };
		EB95E01F26D7A38000250067 /* ArcherMoveW.atlas in Resources */ = {isa = PBXBuildFile; fileRef = EB95E01B26D7A38000250067 /* ArcherMoveW.atlas */; };
		EB95E02026D7A38000250067 /* ArcherMoveN.atlas in Resources */ = {isa = PBXBuildFile; fileRef = EB95E01C26D7A38000250067 /* ArcherMoveN.atlas */; };
		EB95E02326DA8AFA00250067 /* PhysicsBody.swift in Sources */ = {isa = PBXBuildFile; fileRef = EB95E02226DA8AFA00250067 /* PhysicsBody.swift */; };
		EBA7A90C25ADFC1400206EF3 /* AppDelegate.swift in Sources */ = {isa = PBXBuildFile; fileRef = EBA7A90B25ADFC1400206EF3 /* AppDelegate.swift */; };
		EBA7A90E25ADFC1400206EF3 /* GameScene.sks in Resources */ = {isa = PBXBuildFile; fileRef = EBA7A90D25ADFC1400206EF3 /* GameScene.sks */; };
		EBA7A91025ADFC1400206EF3 /* Actions.sks in Resources */ = {isa = PBXBuildFile; fileRef = EBA7A90F25ADFC1400206EF3 /* Actions.sks */; };
		EBA7A91225ADFC1400206EF3 /* GameScene.swift in Sources */ = {isa = PBXBuildFile; fileRef = EBA7A91125ADFC1400206EF3 /* GameScene.swift */; };
		EBA7A91425ADFC1400206EF3 /* GameViewController.swift in Sources */ = {isa = PBXBuildFile; fileRef = EBA7A91325ADFC1400206EF3 /* GameViewController.swift */; };
		EBA7A91725ADFC1400206EF3 /* Main.storyboard in Resources */ = {isa = PBXBuildFile; fileRef = EBA7A91525ADFC1400206EF3 /* Main.storyboard */; };
		EBA7A91925ADFC1600206EF3 /* Assets.xcassets in Resources */ = {isa = PBXBuildFile; fileRef = EBA7A91825ADFC1600206EF3 /* Assets.xcassets */; };
		EBA9673425AF5D6800229A6A /* Character.swift in Sources */ = {isa = PBXBuildFile; fileRef = EBA9673325AF5D6800229A6A /* Character.swift */; };
		EBBBBB5826B6C0970015BE36 /* RedSwanMoveN.atlas in Resources */ = {isa = PBXBuildFile; fileRef = EBBBBB5426B6C0960015BE36 /* RedSwanMoveN.atlas */; };
		EBBBBB5926B6C0970015BE36 /* RedSwanMoveE.atlas in Resources */ = {isa = PBXBuildFile; fileRef = EBBBBB5526B6C0960015BE36 /* RedSwanMoveE.atlas */; };
		EBBBBB5A26B6C0970015BE36 /* RedSwanMoveS.atlas in Resources */ = {isa = PBXBuildFile; fileRef = EBBBBB5626B6C0970015BE36 /* RedSwanMoveS.atlas */; };
		EBBBBB5B26B6C0970015BE36 /* RedSwanMoveW.atlas in Resources */ = {isa = PBXBuildFile; fileRef = EBBBBB5726B6C0970015BE36 /* RedSwanMoveW.atlas */; };
		EBC7D43426B96E0C00331695 /* Attack_Meteor.atlas in Resources */ = {isa = PBXBuildFile; fileRef = EBC7D43326B96E0C00331695 /* Attack_Meteor.atlas */; };
		EBC7D43B26B96E4200331695 /* Meteor.swift in Sources */ = {isa = PBXBuildFile; fileRef = EBC7D43A26B96E4200331695 /* Meteor.swift */; };
		EBC8129126F0D6C000183660 /* Chase.swift in Sources */ = {isa = PBXBuildFile; fileRef = EBC8129026F0D6C000183660 /* Chase.swift */; };
/* End PBXBuildFile section */

/* Begin PBXFileReference section */
		EB00A58225AE02950048713E /* Control.swift */ = {isa = PBXFileReference; lastKnownFileType = sourcecode.swift; path = Control.swift; sourceTree = "<group>"; };
		EB00A58525AE05DF0048713E /* Update.swift */ = {isa = PBXFileReference; lastKnownFileType = sourcecode.swift; path = Update.swift; sourceTree = "<group>"; };
		EB27EF0F26CD38F40073CF84 /* GameData.plist */ = {isa = PBXFileReference; lastKnownFileType = text.plist.xml; path = GameData.plist; sourceTree = "<group>"; };
		EB27EF1326CD3A540073CF84 /* Data.swift */ = {isa = PBXFileReference; lastKnownFileType = sourcecode.swift; path = Data.swift; sourceTree = "<group>"; };
		EB2D5E2425AF6251008B6A6A /* Share.swift */ = {isa = PBXFileReference; lastKnownFileType = sourcecode.swift; path = Share.swift; sourceTree = "<group>"; };
		EB2D5E2B25AF63DF008B6A6A /* Move.swift */ = {isa = PBXFileReference; lastKnownFileType = sourcecode.swift; path = Move.swift; sourceTree = "<group>"; };
		EB4B6E27270B3B5E0004FEDF /* Physics.swift */ = {isa = PBXFileReference; lastKnownFileType = sourcecode.swift; path = Physics.swift; sourceTree = "<group>"; };
		EB4B6E2B270B40540004FEDF /* 04B_19__.TTF */ = {isa = PBXFileReference; lastKnownFileType = file; path = 04B_19__.TTF; sourceTree = "<group>"; };
		EB4B6E2D270B42710004FEDF /* Damage.swift */ = {isa = PBXFileReference; lastKnownFileType = sourcecode.swift; path = Damage.swift; sourceTree = "<group>"; };
		EB64990A26F97908003DC953 /* Attack_Standoff.atlas */ = {isa = PBXFileReference; lastKnownFileType = folder.skatlas; path = Attack_Standoff.atlas; sourceTree = "<group>"; };
		EB64990D26F979F6003DC953 /* Standoff.swift */ = {isa = PBXFileReference; lastKnownFileType = sourcecode.swift; path = Standoff.swift; sourceTree = "<group>"; };
		EB7F61AA26E42D2300BC39DF /* AI.swift */ = {isa = PBXFileReference; lastKnownFileType = sourcecode.swift; path = AI.swift; sourceTree = "<group>"; };
		EB7F61AD26E42F2700BC39DF /* CharacterUpdate.swift */ = {isa = PBXFileReference; lastKnownFileType = sourcecode.swift; path = CharacterUpdate.swift; sourceTree = "<group>"; };
		EB8046FF26B81A170047132A /* Attack_Melee.atlas */ = {isa = PBXFileReference; lastKnownFileType = folder.skatlas; path = Attack_Melee.atlas; sourceTree = "<group>"; };
		EB80470326B81BF00047132A /* Melee.swift */ = {isa = PBXFileReference; lastKnownFileType = sourcecode.swift; path = Melee.swift; sourceTree = "<group>"; };
		EB80470B26B829A10047132A /* Item.swift */ = {isa = PBXFileReference; lastKnownFileType = sourcecode.swift; path = Item.swift; sourceTree = "<group>"; };
		EB82FE4626C009EE00619118 /* Delay.swift */ = {isa = PBXFileReference; lastKnownFileType = sourcecode.swift; path = Delay.swift; sourceTree = "<group>"; };
		EB95E01926D7A38000250067 /* ArcherMoveS.atlas */ = {isa = PBXFileReference; lastKnownFileType = folder.skatlas; path = ArcherMoveS.atlas; sourceTree = "<group>"; };
		EB95E01A26D7A38000250067 /* ArcherMoveE.atlas */ = {isa = PBXFileReference; lastKnownFileType = folder.skatlas; path = ArcherMoveE.atlas; sourceTree = "<group>"; };
		EB95E01B26D7A38000250067 /* ArcherMoveW.atlas */ = {isa = PBXFileReference; lastKnownFileType = folder.skatlas; path = ArcherMoveW.atlas; sourceTree = "<group>"; };
		EB95E01C26D7A38000250067 /* ArcherMoveN.atlas */ = {isa = PBXFileReference; lastKnownFileType = folder.skatlas; path = ArcherMoveN.atlas; sourceTree = "<group>"; };
		EB95E02226DA8AFA00250067 /* PhysicsBody.swift */ = {isa = PBXFileReference; lastKnownFileType = sourcecode.swift; path = PhysicsBody.swift; sourceTree = "<group>"; };
		EBA7A90825ADFC1400206EF3 /* RPG.app */ = {isa = PBXFileReference; explicitFileType = wrapper.application; includeInIndex = 0; path = RPG.app; sourceTree = BUILT_PRODUCTS_DIR; };
		EBA7A90B25ADFC1400206EF3 /* AppDelegate.swift */ = {isa = PBXFileReference; lastKnownFileType = sourcecode.swift; path = AppDelegate.swift; sourceTree = "<group>"; };
		EBA7A90D25ADFC1400206EF3 /* GameScene.sks */ = {isa = PBXFileReference; lastKnownFileType = file.sks; path = GameScene.sks; sourceTree = "<group>"; };
		EBA7A90F25ADFC1400206EF3 /* Actions.sks */ = {isa = PBXFileReference; lastKnownFileType = file.sks; path = Actions.sks; sourceTree = "<group>"; };
		EBA7A91125ADFC1400206EF3 /* GameScene.swift */ = {isa = PBXFileReference; lastKnownFileType = sourcecode.swift; path = GameScene.swift; sourceTree = "<group>"; };
		EBA7A91325ADFC1400206EF3 /* GameViewController.swift */ = {isa = PBXFileReference; lastKnownFileType = sourcecode.swift; path = GameViewController.swift; sourceTree = "<group>"; };
		EBA7A91625ADFC1400206EF3 /* Base */ = {isa = PBXFileReference; lastKnownFileType = file.storyboard; name = Base; path = Base.lproj/Main.storyboard; sourceTree = "<group>"; };
		EBA7A91825ADFC1600206EF3 /* Assets.xcassets */ = {isa = PBXFileReference; lastKnownFileType = folder.assetcatalog; path = Assets.xcassets; sourceTree = "<group>"; };
		EBA7A91A25ADFC1600206EF3 /* Info.plist */ = {isa = PBXFileReference; lastKnownFileType = text.plist.xml; path = Info.plist; sourceTree = "<group>"; };
		EBA9673325AF5D6800229A6A /* Character.swift */ = {isa = PBXFileReference; lastKnownFileType = sourcecode.swift; path = Character.swift; sourceTree = "<group>"; };
		EBBBBB5426B6C0960015BE36 /* RedSwanMoveN.atlas */ = {isa = PBXFileReference; lastKnownFileType = folder.skatlas; path = RedSwanMoveN.atlas; sourceTree = "<group>"; };
		EBBBBB5526B6C0960015BE36 /* RedSwanMoveE.atlas */ = {isa = PBXFileReference; lastKnownFileType = folder.skatlas; path = RedSwanMoveE.atlas; sourceTree = "<group>"; };
		EBBBBB5626B6C0970015BE36 /* RedSwanMoveS.atlas */ = {isa = PBXFileReference; lastKnownFileType = folder.skatlas; path = RedSwanMoveS.atlas; sourceTree = "<group>"; };
		EBBBBB5726B6C0970015BE36 /* RedSwanMoveW.atlas */ = {isa = PBXFileReference; lastKnownFileType = folder.skatlas; path = RedSwanMoveW.atlas; sourceTree = "<group>"; };
		EBC7D43326B96E0C00331695 /* Attack_Meteor.atlas */ = {isa = PBXFileReference; lastKnownFileType = folder.skatlas; path = Attack_Meteor.atlas; sourceTree = "<group>"; };
		EBC7D43A26B96E4200331695 /* Meteor.swift */ = {isa = PBXFileReference; lastKnownFileType = sourcecode.swift; path = Meteor.swift; sourceTree = "<group>"; };
		EBC8129026F0D6C000183660 /* Chase.swift */ = {isa = PBXFileReference; lastKnownFileType = sourcecode.swift; path = Chase.swift; sourceTree = "<group>"; };
/* End PBXFileReference section */

/* Begin PBXFrameworksBuildPhase section */
		EBA7A90525ADFC1400206EF3 /* Frameworks */ = {
			isa = PBXFrameworksBuildPhase;
			buildActionMask = 2147483647;
			files = (
			);
			runOnlyForDeploymentPostprocessing = 0;
		};
/* End PBXFrameworksBuildPhase section */

/* Begin PBXGroup section */
		EB27EF1226CD3A390073CF84 /* Function */ = {
			isa = PBXGroup;
			children = (
				EB27EF1326CD3A540073CF84 /* Data.swift */,
			);
			path = Function;
			sourceTree = "<group>";
		};
		EB2D5E2725AF6255008B6A6A /* Supporting File */ = {
			isa = PBXGroup;
			children = (
				EB4B6E2B270B40540004FEDF /* 04B_19__.TTF */,
				EBA7A90F25ADFC1400206EF3 /* Actions.sks */,
				EB2D5E2425AF6251008B6A6A /* Share.swift */,
				EB27EF0F26CD38F40073CF84 /* GameData.plist */,
			);
			path = "Supporting File";
			sourceTree = "<group>";
		};
		EB2D5E2E25AF63E3008B6A6A /* Function */ = {
			isa = PBXGroup;
			children = (
				EB2D5E2B25AF63DF008B6A6A /* Move.swift */,
				EB80470B26B829A10047132A /* Item.swift */,
				EB82FE4626C009EE00619118 /* Delay.swift */,
				EB95E02226DA8AFA00250067 /* PhysicsBody.swift */,
				EB7F61AA26E42D2300BC39DF /* AI.swift */,
				EB7F61AD26E42F2700BC39DF /* CharacterUpdate.swift */,
				EBC8129026F0D6C000183660 /* Chase.swift */,
				EB4B6E2D270B42710004FEDF /* Damage.swift */,
			);
			path = Function;
			sourceTree = "<group>";
		};
		EB8046FD26B819F10047132A /* Move */ = {
			isa = PBXGroup;
			children = (
				EB95E01A26D7A38000250067 /* ArcherMoveE.atlas */,
				EB95E01C26D7A38000250067 /* ArcherMoveN.atlas */,
				EB95E01926D7A38000250067 /* ArcherMoveS.atlas */,
				EB95E01B26D7A38000250067 /* ArcherMoveW.atlas */,
				EBBBBB5526B6C0960015BE36 /* RedSwanMoveE.atlas */,
				EBBBBB5426B6C0960015BE36 /* RedSwanMoveN.atlas */,
				EBBBBB5626B6C0970015BE36 /* RedSwanMoveS.atlas */,
				EBBBBB5726B6C0970015BE36 /* RedSwanMoveW.atlas */,
			);
			path = Move;
			sourceTree = "<group>";
		};
		EB8046FE26B819FE0047132A /* Attack */ = {
			isa = PBXGroup;
			children = (
				EB64990A26F97908003DC953 /* Attack_Standoff.atlas */,
				EBC7D43326B96E0C00331695 /* Attack_Meteor.atlas */,
				EB8046FF26B81A170047132A /* Attack_Melee.atlas */,
			);
			path = Attack;
			sourceTree = "<group>";
		};
		EB80470226B81BD30047132A /* Attack */ = {
			isa = PBXGroup;
			children = (
				EB80470326B81BF00047132A /* Melee.swift */,
				EBC7D43A26B96E4200331695 /* Meteor.swift */,
				EB64990D26F979F6003DC953 /* Standoff.swift */,
			);
			path = Attack;
			sourceTree = "<group>";
		};
		EBA7A8FF25ADFC1400206EF3 = {
			isa = PBXGroup;
			children = (
				EBA7A90A25ADFC1400206EF3 /* RPG */,
				EBA7A90925ADFC1400206EF3 /* Products */,
			);
			sourceTree = "<group>";
		};
		EBA7A90925ADFC1400206EF3 /* Products */ = {
			isa = PBXGroup;
			children = (
				EBA7A90825ADFC1400206EF3 /* RPG.app */,
			);
			name = Products;
			sourceTree = "<group>";
		};
		EBA7A90A25ADFC1400206EF3 /* RPG */ = {
			isa = PBXGroup;
			children = (
				EBF5A37025ADFF080052BFEF /* GameScene */,
				EBF5A36E25ADFEBB0052BFEF /* Map */,
				EBA9673625AF5D7100229A6A /* Character */,
				EBBBBB5326B6C0700015BE36 /* Image */,
				EB2D5E2725AF6255008B6A6A /* Supporting File */,
				EBA7A91A25ADFC1600206EF3 /* Info.plist */,
				EBA7A90B25ADFC1400206EF3 /* AppDelegate.swift */,
				EBA7A91325ADFC1400206EF3 /* GameViewController.swift */,
				EBA7A91525ADFC1400206EF3 /* Main.storyboard */,
				EBA7A91825ADFC1600206EF3 /* Assets.xcassets */,
			);
			path = RPG;
			sourceTree = "<group>";
		};
		EBA9673625AF5D7100229A6A /* Character */ = {
			isa = PBXGroup;
			children = (
				EBA9673325AF5D6800229A6A /* Character.swift */,
				EB80470226B81BD30047132A /* Attack */,
				EB2D5E2E25AF63E3008B6A6A /* Function */,
			);
			path = Character;
			sourceTree = "<group>";
		};
		EBBBBB5326B6C0700015BE36 /* Image */ = {
			isa = PBXGroup;
			children = (
				EB8046FE26B819FE0047132A /* Attack */,
				EB8046FD26B819F10047132A /* Move */,
			);
			path = Image;
			sourceTree = "<group>";
		};
		EBF5A36E25ADFEBB0052BFEF /* Map */ = {
			isa = PBXGroup;
			children = (
				EBA7A90D25ADFC1400206EF3 /* GameScene.sks */,
			);
			path = Map;
			sourceTree = "<group>";
		};
		EBF5A37025ADFF080052BFEF /* GameScene */ = {
			isa = PBXGroup;
			children = (
				EBA7A91125ADFC1400206EF3 /* GameScene.swift */,
				EB00A58225AE02950048713E /* Control.swift */,
				EB00A58525AE05DF0048713E /* Update.swift */,
				EB4B6E27270B3B5E0004FEDF /* Physics.swift */,
				EB27EF1226CD3A390073CF84 /* Function */,
			);
			path = GameScene;
			sourceTree = "<group>";
		};
/* End PBXGroup section */

/* Begin PBXNativeTarget section */
		EBA7A90725ADFC1400206EF3 /* RPG */ = {
			isa = PBXNativeTarget;
			buildConfigurationList = EBA7A91D25ADFC1600206EF3 /* Build configuration list for PBXNativeTarget "RPG" */;
			buildPhases = (
				EBA7A90425ADFC1400206EF3 /* Sources */,
				EBA7A90525ADFC1400206EF3 /* Frameworks */,
				EBA7A90625ADFC1400206EF3 /* Resources */,
			);
			buildRules = (
			);
			dependencies = (
			);
			name = RPG;
			productName = RPG;
			productReference = EBA7A90825ADFC1400206EF3 /* RPG.app */;
			productType = "com.apple.product-type.application";
		};
/* End PBXNativeTarget section */

/* Begin PBXProject section */
		EBA7A90025ADFC1400206EF3 /* Project object */ = {
			isa = PBXProject;
			attributes = {
				LastSwiftUpdateCheck = 1220;
				LastUpgradeCheck = 1220;
				TargetAttributes = {
					EBA7A90725ADFC1400206EF3 = {
						CreatedOnToolsVersion = 12.2;
					};
				};
			};
			buildConfigurationList = EBA7A90325ADFC1400206EF3 /* Build configuration list for PBXProject "RPG" */;
			compatibilityVersion = "Xcode 9.3";
			developmentRegion = en;
			hasScannedForEncodings = 0;
			knownRegions = (
				en,
				Base,
			);
			mainGroup = EBA7A8FF25ADFC1400206EF3;
			productRefGroup = EBA7A90925ADFC1400206EF3 /* Products */;
			projectDirPath = "";
			projectRoot = "";
			targets = (
				EBA7A90725ADFC1400206EF3 /* RPG */,
			);
		};
/* End PBXProject section */

/* Begin PBXResourcesBuildPhase section */
		EBA7A90625ADFC1400206EF3 /* Resources */ = {
			isa = PBXResourcesBuildPhase;
			buildActionMask = 2147483647;
			files = (
				EBA7A91725ADFC1400206EF3 /* Main.storyboard in Resources */,
				EBA7A90E25ADFC1400206EF3 /* GameScene.sks in Resources */,
				EBBBBB5826B6C0970015BE36 /* RedSwanMoveN.atlas in Resources */,
				EBC7D43426B96E0C00331695 /* Attack_Meteor.atlas in Resources */,
				EB64990B26F97908003DC953 /* Attack_Standoff.atlas in Resources */,
				EB95E01E26D7A38000250067 /* ArcherMoveE.atlas in Resources */,
				EBA7A91925ADFC1600206EF3 /* Assets.xcassets in Resources */,
				EBA7A91025ADFC1400206EF3 /* Actions.sks in Resources */,
				EBBBBB5926B6C0970015BE36 /* RedSwanMoveE.atlas in Resources */,
				EB95E02026D7A38000250067 /* ArcherMoveN.atlas in Resources */,
				EB80470026B81A170047132A /* Attack_Melee.atlas in Resources */,
				EBBBBB5A26B6C0970015BE36 /* RedSwanMoveS.atlas in Resources */,
				EB27EF1026CD38F40073CF84 /* GameData.plist in Resources */,
				EBBBBB5B26B6C0970015BE36 /* RedSwanMoveW.atlas in Resources */,
				EB95E01D26D7A38000250067 /* ArcherMoveS.atlas in Resources */,
				EB95E01F26D7A38000250067 /* ArcherMoveW.atlas in Resources */,
			);
			runOnlyForDeploymentPostprocessing = 0;
		};
/* End PBXResourcesBuildPhase section */

/* Begin PBXSourcesBuildPhase section */
		EBA7A90425ADFC1400206EF3 /* Sources */ = {
			isa = PBXSourcesBuildPhase;
			buildActionMask = 2147483647;
			files = (
				EB7F61AE26E42F2700BC39DF /* CharacterUpdate.swift in Sources */,
				EBC8129126F0D6C000183660 /* Chase.swift in Sources */,
				EB4B6E2E270B42710004FEDF /* Damage.swift in Sources */,
				EB80470C26B829A10047132A /* Item.swift in Sources */,
				EBC7D43B26B96E4200331695 /* Meteor.swift in Sources */,
				EBA7A91225ADFC1400206EF3 /* GameScene.swift in Sources */,
				EB00A58325AE02950048713E /* Control.swift in Sources */,
				EB2D5E2525AF6251008B6A6A /* Share.swift in Sources */,
				EB4B6E28270B3B5E0004FEDF /* Physics.swift in Sources */,
				EB00A58625AE05DF0048713E /* Update.swift in Sources */,
				EB80470426B81BF00047132A /* Melee.swift in Sources */,
				EB95E02326DA8AFA00250067 /* PhysicsBody.swift in Sources */,
				EB7F61AB26E42D2300BC39DF /* AI.swift in Sources */,
				EB2D5E2C25AF63DF008B6A6A /* Move.swift in Sources */,
				EB27EF1426CD3A540073CF84 /* Data.swift in Sources */,
				EBA9673425AF5D6800229A6A /* Character.swift in Sources */,
				EB82FE4726C009EE00619118 /* Delay.swift in Sources */,
				EBA7A91425ADFC1400206EF3 /* GameViewController.swift in Sources */,
				EB64990E26F979F6003DC953 /* Standoff.swift in Sources */,
				EBA7A90C25ADFC1400206EF3 /* AppDelegate.swift in Sources */,
			);
			runOnlyForDeploymentPostprocessing = 0;
		};
/* End PBXSourcesBuildPhase section */

/* Begin PBXVariantGroup section */
		EBA7A91525ADFC1400206EF3 /* Main.storyboard */ = {
			isa = PBXVariantGroup;
			children = (
				EBA7A91625ADFC1400206EF3 /* Base */,
			);
			name = Main.storyboard;
			sourceTree = "<group>";
		};
/* End PBXVariantGroup section */

/* Begin XCBuildConfiguration section */
		EBA7A91B25ADFC1600206EF3 /* Debug */ = {
			isa = XCBuildConfiguration;
			buildSettings = {
				ALWAYS_SEARCH_USER_PATHS = NO;
				CLANG_ANALYZER_NONNULL = YES;
				CLANG_ANALYZER_NUMBER_OBJECT_CONVERSION = YES_AGGRESSIVE;
				CLANG_CXX_LANGUAGE_STANDARD = "gnu++14";
				CLANG_CXX_LIBRARY = "libc++";
				CLANG_ENABLE_MODULES = YES;
				CLANG_ENABLE_OBJC_ARC = YES;
				CLANG_ENABLE_OBJC_WEAK = YES;
				CLANG_WARN_BLOCK_CAPTURE_AUTORELEASING = YES;
				CLANG_WARN_BOOL_CONVERSION = YES;
				CLANG_WARN_COMMA = YES;
				CLANG_WARN_CONSTANT_CONVERSION = YES;
				CLANG_WARN_DEPRECATED_OBJC_IMPLEMENTATIONS = YES;
				CLANG_WARN_DIRECT_OBJC_ISA_USAGE = YES_ERROR;
				CLANG_WARN_DOCUMENTATION_COMMENTS = YES;
				CLANG_WARN_EMPTY_BODY = YES;
				CLANG_WARN_ENUM_CONVERSION = YES;
				CLANG_WARN_INFINITE_RECURSION = YES;
				CLANG_WARN_INT_CONVERSION = YES;
				CLANG_WARN_NON_LITERAL_NULL_CONVERSION = YES;
				CLANG_WARN_OBJC_IMPLICIT_RETAIN_SELF = YES;
				CLANG_WARN_OBJC_LITERAL_CONVERSION = YES;
				CLANG_WARN_OBJC_ROOT_CLASS = YES_ERROR;
				CLANG_WARN_QUOTED_INCLUDE_IN_FRAMEWORK_HEADER = YES;
				CLANG_WARN_RANGE_LOOP_ANALYSIS = YES;
				CLANG_WARN_STRICT_PROTOTYPES = YES;
				CLANG_WARN_SUSPICIOUS_MOVE = YES;
				CLANG_WARN_UNGUARDED_AVAILABILITY = YES_AGGRESSIVE;
				CLANG_WARN_UNREACHABLE_CODE = YES;
				CLANG_WARN__DUPLICATE_METHOD_MATCH = YES;
				COPY_PHASE_STRIP = NO;
				DEBUG_INFORMATION_FORMAT = dwarf;
				ENABLE_STRICT_OBJC_MSGSEND = YES;
				ENABLE_TESTABILITY = YES;
				GCC_C_LANGUAGE_STANDARD = gnu11;
				GCC_DYNAMIC_NO_PIC = NO;
				GCC_NO_COMMON_BLOCKS = YES;
				GCC_OPTIMIZATION_LEVEL = 0;
				GCC_PREPROCESSOR_DEFINITIONS = (
					"DEBUG=1",
					"$(inherited)",
				);
				GCC_WARN_64_TO_32_BIT_CONVERSION = YES;
				GCC_WARN_ABOUT_RETURN_TYPE = YES_ERROR;
				GCC_WARN_UNDECLARED_SELECTOR = YES;
				GCC_WARN_UNINITIALIZED_AUTOS = YES_AGGRESSIVE;
				GCC_WARN_UNUSED_FUNCTION = YES;
				GCC_WARN_UNUSED_VARIABLE = YES;
				IPHONEOS_DEPLOYMENT_TARGET = 14.2;
				MTL_ENABLE_DEBUG_INFO = INCLUDE_SOURCE;
				MTL_FAST_MATH = YES;
				ONLY_ACTIVE_ARCH = YES;
				SDKROOT = iphoneos;
				SWIFT_ACTIVE_COMPILATION_CONDITIONS = DEBUG;
				SWIFT_OPTIMIZATION_LEVEL = "-Onone";
			};
			name = Debug;
		};
		EBA7A91C25ADFC1600206EF3 /* Release */ = {
			isa = XCBuildConfiguration;
			buildSettings = {
				ALWAYS_SEARCH_USER_PATHS = NO;
				CLANG_ANALYZER_NONNULL = YES;
				CLANG_ANALYZER_NUMBER_OBJECT_CONVERSION = YES_AGGRESSIVE;
				CLANG_CXX_LANGUAGE_STANDARD = "gnu++14";
				CLANG_CXX_LIBRARY = "libc++";
				CLANG_ENABLE_MODULES = YES;
				CLANG_ENABLE_OBJC_ARC = YES;
				CLANG_ENABLE_OBJC_WEAK = YES;
				CLANG_WARN_BLOCK_CAPTURE_AUTORELEASING = YES;
				CLANG_WARN_BOOL_CONVERSION = YES;
				CLANG_WARN_COMMA = YES;
				CLANG_WARN_CONSTANT_CONVERSION = YES;
				CLANG_WARN_DEPRECATED_OBJC_IMPLEMENTATIONS = YES;
				CLANG_WARN_DIRECT_OBJC_ISA_USAGE = YES_ERROR;
				CLANG_WARN_DOCUMENTATION_COMMENTS = YES;
				CLANG_WARN_EMPTY_BODY = YES;
				CLANG_WARN_ENUM_CONVERSION = YES;
				CLANG_WARN_INFINITE_RECURSION = YES;
				CLANG_WARN_INT_CONVERSION = YES;
				CLANG_WARN_NON_LITERAL_NULL_CONVERSION = YES;
				CLANG_WARN_OBJC_IMPLICIT_RETAIN_SELF = YES;
				CLANG_WARN_OBJC_LITERAL_CONVERSION = YES;
				CLANG_WARN_OBJC_ROOT_CLASS = YES_ERROR;
				CLANG_WARN_QUOTED_INCLUDE_IN_FRAMEWORK_HEADER = YES;
				CLANG_WARN_RANGE_LOOP_ANALYSIS = YES;
				CLANG_WARN_STRICT_PROTOTYPES = YES;
				CLANG_WARN_SUSPICIOUS_MOVE = YES;
				CLANG_WARN_UNGUARDED_AVAILABILITY = YES_AGGRESSIVE;
				CLANG_WARN_UNREACHABLE_CODE = YES;
				CLANG_WARN__DUPLICATE_METHOD_MATCH = YES;
				COPY_PHASE_STRIP = NO;
				DEBUG_INFORMATION_FORMAT = "dwarf-with-dsym";
				ENABLE_NS_ASSERTIONS = NO;
				ENABLE_STRICT_OBJC_MSGSEND = YES;
				GCC_C_LANGUAGE_STANDARD = gnu11;
				GCC_NO_COMMON_BLOCKS = YES;
				GCC_WARN_64_TO_32_BIT_CONVERSION = YES;
				GCC_WARN_ABOUT_RETURN_TYPE = YES_ERROR;
				GCC_WARN_UNDECLARED_SELECTOR = YES;
				GCC_WARN_UNINITIALIZED_AUTOS = YES_AGGRESSIVE;
				GCC_WARN_UNUSED_FUNCTION = YES;
				GCC_WARN_UNUSED_VARIABLE = YES;
				IPHONEOS_DEPLOYMENT_TARGET = 14.2;
				MTL_ENABLE_DEBUG_INFO = NO;
				MTL_FAST_MATH = YES;
				SDKROOT = iphoneos;
				SWIFT_COMPILATION_MODE = wholemodule;
				SWIFT_OPTIMIZATION_LEVEL = "-O";
				VALIDATE_PRODUCT = YES;
			};
			name = Release;
		};
		EBA7A91E25ADFC1600206EF3 /* Debug */ = {
			isa = XCBuildConfiguration;
			buildSettings = {
				ASSETCATALOG_COMPILER_APPICON_NAME = AppIcon;
				ASSETCATALOG_COMPILER_GLOBAL_ACCENT_COLOR_NAME = AccentColor;
				CODE_SIGN_STYLE = Automatic;
				INFOPLIST_FILE = RPG/Info.plist;
				LD_RUNPATH_SEARCH_PATHS = (
					"$(inherited)",
					"@executable_path/Frameworks",
				);
				PRODUCT_BUNDLE_IDENTIFIER = Soos.RPG;
				PRODUCT_NAME = "$(TARGET_NAME)";
				SWIFT_VERSION = 5.0;
				TARGETED_DEVICE_FAMILY = "1,2";
			};
			name = Debug;
		};
		EBA7A91F25ADFC1600206EF3 /* Release */ = {
			isa = XCBuildConfiguration;
			buildSettings = {
				ASSETCATALOG_COMPILER_APPICON_NAME = AppIcon;
				ASSETCATALOG_COMPILER_GLOBAL_ACCENT_COLOR_NAME = AccentColor;
				CODE_SIGN_STYLE = Automatic;
				INFOPLIST_FILE = RPG/Info.plist;
				LD_RUNPATH_SEARCH_PATHS = (
					"$(inherited)",
					"@executable_path/Frameworks",
				);
				PRODUCT_BUNDLE_IDENTIFIER = Soos.RPG;
				PRODUCT_NAME = "$(TARGET_NAME)";
				SWIFT_VERSION = 5.0;
				TARGETED_DEVICE_FAMILY = "1,2";
			};
			name = Release;
		};
/* End XCBuildConfiguration section */

/* Begin XCConfigurationList section */
		EBA7A90325ADFC1400206EF3 /* Build configuration list for PBXProject "RPG" */ = {
			isa = XCConfigurationList;
			buildConfigurations = (
				EBA7A91B25ADFC1600206EF3 /* Debug */,
				EBA7A91C25ADFC1600206EF3 /* Release */,
			);
			defaultConfigurationIsVisible = 0;
			defaultConfigurationName = Release;
		};
		EBA7A91D25ADFC1600206EF3 /* Build configuration list for PBXNativeTarget "RPG" */ = {
			isa = XCConfigurationList;
			buildConfigurations = (
				EBA7A91E25ADFC1600206EF3 /* Debug */,
				EBA7A91F25ADFC1600206EF3 /* Release */,
			);
			defaultConfigurationIsVisible = 0;
			defaultConfigurationName = Release;
		};
/* End XCConfigurationList section */
	};
	rootObject = EBA7A90025ADFC1400206EF3 /* Project object */;
}
